
Microsoft Visual Studio Solution File, Format Version 12.00
# Visual Studio Version 17
VisualStudioVersion = 17.7.34031.279
MinimumVisualStudioVersion = 10.0.40219.1
Project("{FAE04EC0-301F-11D3-BF4B-00C04F79EFBC}") = "P4_1_714220048", "P4_1_714220048\P4_1_714220048.csproj", "{7A635072-6C04-4186-AF2C-90AC4C460973}"
EndProject
Global
	GlobalSection(SolutionConfigurationPlatforms) = preSolution
		Debug|Any CPU = Debug|Any CPU
		Release|Any CPU = Release|Any CPU
	EndGlobalSection
	GlobalSection(ProjectConfigurationPlatforms) = postSolution
		{7A635072-6C04-4186-AF2C-90AC4C460973}.Debug|Any CPU.ActiveCfg = Debug|Any CPU
		{7A635072-6C04-4186-AF2C-90AC4C460973}.Debug|Any CPU.Build.0 = Debug|Any CPU
		{7A635072-6C04-4186-AF2C-90AC4C460973}.Release|Any CPU.ActiveCfg = Release|Any CPU
		{7A635072-6C04-4186-AF2C-90AC4C460973}.Release|Any CPU.Build.0 = Release|Any CPU
	EndGlobalSection
	GlobalSection(SolutionProperties) = preSolution
		HideSolutionNode = FALSE
	EndGlobalSection
	GlobalSection(ExtensibilityGlobals) = postSolution
		SolutionGuid = {B86D9619-2FC2-4EC4-B9E6-417C6F6B48AE}
	EndGlobalSection
EndGlobal
