
Microsoft Visual Studio Solution File, Format Version 12.00
# Visual Studio Version 17
VisualStudioVersion = 17.7.34031.279
MinimumVisualStudioVersion = 10.0.40219.1
Project("{FAE04EC0-301F-11D3-BF4B-00C04F79EFBC}") = "P3_3_714220048", "P3_3_714220048\P3_3_714220048.csproj", "{0C7B7124-33C7-493B-8238-54BB7F7D07DD}"
EndProject
Global
	GlobalSection(SolutionConfigurationPlatforms) = preSolution
		Debug|Any CPU = Debug|Any CPU
		Release|Any CPU = Release|Any CPU
	EndGlobalSection
	GlobalSection(ProjectConfigurationPlatforms) = postSolution
		{0C7B7124-33C7-493B-8238-54BB7F7D07DD}.Debug|Any CPU.ActiveCfg = Debug|Any CPU
		{0C7B7124-33C7-493B-8238-54BB7F7D07DD}.Debug|Any CPU.Build.0 = Debug|Any CPU
		{0C7B7124-33C7-493B-8238-54BB7F7D07DD}.Release|Any CPU.ActiveCfg = Release|Any CPU
		{0C7B7124-33C7-493B-8238-54BB7F7D07DD}.Release|Any CPU.Build.0 = Release|Any CPU
	EndGlobalSection
	GlobalSection(SolutionProperties) = preSolution
		HideSolutionNode = FALSE
	EndGlobalSection
	GlobalSection(ExtensibilityGlobals) = postSolution
		SolutionGuid = {227EF39A-48F2-4226-80AB-C9DB8F9A8900}
	EndGlobalSection
EndGlobal
